{
  "requires": true,
  "lockfileVersion": 1,
  "dependencies": {
    "mongo": {
      "version": "file:../../lib/mongo",
      "requires": {
        "mongodb": "^3.1.13"
      },
      "dependencies": {
        "bson": {
          "version": "1.1.1",
          "bundled": true
        },
        "memory-pager": {
          "version": "1.5.0",
          "bundled": true,
          "optional": true
        },
        "mongodb": {
          "version": "3.1.13",
          "bundled": true,
          "requires": {
            "mongodb-core": "3.1.11",
            "safe-buffer": "^5.1.2"
          }
        },
        "mongodb-core": {
          "version": "3.1.11",
          "bundled": true,
          "requires": {
            "bson": "^1.1.0",
            "require_optional": "^1.0.1",
            "safe-buffer": "^5.1.2",
            "saslprep": "^1.0.0"
          }
        },
        "require_optional": {
          "version": "1.0.1",
          "bundled": true,
          "requires": {
            "resolve-from": "^2.0.0",
            "semver": "^5.1.0"
          }
        },
        "resolve-from": {
          "version": "2.0.0",
          "bundled": true
        },
        "safe-buffer": {
          "version": "5.1.2",
          "bundled": true
        },
        "saslprep": {
          "version": "1.0.2",
          "bundled": true,
          "optional": true,
          "requires": {
            "sparse-bitfield": "^3.0.3"
          }
        },
        "semver": {
          "version": "5.6.0",
          "bundled": true
        },
        "sparse-bitfield": {
          "version": "3.0.3",
          "bundled": true,
          "optional": true,
          "requires": {
            "memory-pager": "^1.0.2"
          }
        }
      }
    }
  }
}
